{
  "name": "ags",
  "lockfileVersion": 3,
  "requires": true,
  "packages": {
    "": {
      "dependencies": {
        "nepali-datetime": "^1.2.1"
      }
    },
    "node_modules/nepali-datetime": {
      "version": "1.2.1",
      "resolved": "https://registry.npmjs.org/nepali-datetime/-/nepali-datetime-1.2.1.tgz",
      "integrity": "sha512-d6nUSYFTGV/Cpzno7IjtH0GzH14wXW5kQgq+UEN894Wb4jSUUYgwhntls90UZoLMoFyRUktOCEV4ZzgvoqfDKg==",
      "license": "GPL-3.0"
    }
  }
}
